{
  "name": "upstream-icons-tracker",
  "version": "1.0.0",
  "lockfileVersion": 3,
  "requires": true,
  "packages": {
    "": {
      "name": "upstream-icons-tracker",
      "version": "1.0.0",
      "dependencies": {
        "@lobehub/icons-static-png": "^1.84.0",
        "@lobehub/icons-static-webp": "^1.84.0"
      }
    },
    "node_modules/@lobehub/icons-static-png": {
      "version": "1.84.0",
      "resolved": "https://registry.npmjs.org/@lobehub/icons-static-png/-/icons-static-png-1.84.0.tgz",
      "integrity": "sha512-1KEPTEFraBEa4sJ9otEKBPI50uqMqOcFYfsPdxJ8rkfrvGDQDSN3dSfdEKl5c7OBHiLbT8IpQ0wcALhUXXQlQw==",
      "license": "MIT"
    },
    "node_modules/@lobehub/icons-static-webp": {
      "version": "1.84.0",
      "resolved": "https://registry.npmjs.org/@lobehub/icons-static-webp/-/icons-static-webp-1.84.0.tgz",
      "integrity": "sha512-ezN1Fw4xWZXPj8IfSPGr3PaTwwsEO3Ae0T/pHoNWot308kB9nHaCO2XzLgT7qUzUB8ABU+ASUuqgIM5ApGJYgg==",
      "license": "MIT"
    }
  }
}
