{
  "name": "upstream-icons-tracker",
  "version": "1.0.0",
  "lockfileVersion": 3,
  "requires": true,
  "packages": {
    "": {
      "name": "upstream-icons-tracker",
      "version": "1.0.0",
      "dependencies": {
        "@lobehub/icons-static-png": "^1.84.0",
        "@lobehub/icons-static-webp": "^1.85.0"
      }
    },
    "node_modules/@lobehub/icons-static-png": {
      "version": "1.84.0",
      "resolved": "https://registry.npmjs.org/@lobehub/icons-static-png/-/icons-static-png-1.84.0.tgz",
      "integrity": "sha512-1KEPTEFraBEa4sJ9otEKBPI50uqMqOcFYfsPdxJ8rkfrvGDQDSN3dSfdEKl5c7OBHiLbT8IpQ0wcALhUXXQlQw==",
      "license": "MIT"
    },
    "node_modules/@lobehub/icons-static-webp": {
      "version": "1.85.0",
      "resolved": "https://registry.npmjs.org/@lobehub/icons-static-webp/-/icons-static-webp-1.85.0.tgz",
      "integrity": "sha512-vu1/QCpAz8lN2t+bZJCggJqRehk5jV9NhrLTAkVJv0b01UnZdAJ9/vgNHSHmo+GdEIoSIbN4ZCQT+TNHKZ2yzQ==",
      "license": "MIT"
    }
  }
}
