{
  "name": "upstream-icons-tracker",
  "version": "1.0.0",
  "lockfileVersion": 3,
  "requires": true,
  "packages": {
    "": {
      "name": "upstream-icons-tracker",
      "version": "1.0.0",
      "dependencies": {
        "@lobehub/icons-static-png": "^1.83.0",
        "@lobehub/icons-static-webp": "^1.83.0"
      }
    },
    "node_modules/@lobehub/icons-static-png": {
      "version": "1.83.0",
      "resolved": "https://registry.npmjs.org/@lobehub/icons-static-png/-/icons-static-png-1.83.0.tgz",
      "integrity": "sha512-64CQr1ojUMPDZOCIyVz3L9JzR1lwQ6wINslKB9tq8+fr+5WKhlVTHHkyRY8gkftV4QWTxApuJB5+HT8XAmsddA==",
      "license": "MIT"
    },
    "node_modules/@lobehub/icons-static-webp": {
      "version": "1.83.0",
      "resolved": "https://registry.npmjs.org/@lobehub/icons-static-webp/-/icons-static-webp-1.83.0.tgz",
      "integrity": "sha512-3hkj/FNNNQySEd7zyh5m4Uf7gG05o4oHeoRK3UyFfi6RkNhsbJO2ZCFIXnG47khH0kQAwStoIhi3lCOYahMcaQ==",
      "license": "MIT"
    }
  }
}
